// !$*UTF8*$!
{
	archiveVersion = 1;
	classes = {
	};
	objectVersion = 46;
	objects = {

/* Begin PBXBuildFile section */
		2DAD6A9413B2F044000DEBAA /* UIKit.framework in Frameworks */ = {isa = PBXBuildFile; fileRef = 2DAD6A9313B2F044000DEBAA /* UIKit.framework */; };
		2DAD6A9613B2F044000DEBAA /* Foundation.framework in Frameworks */ = {isa = PBXBuildFile; fileRef = 2DAD6A9513B2F044000DEBAA /* Foundation.framework */; };
		2DAD6A9813B2F044000DEBAA /* CoreGraphics.framework in Frameworks */ = {isa = PBXBuildFile; fileRef = 2DAD6A9713B2F044000DEBAA /* CoreGraphics.framework */; };
		2DAD6A9E13B2F044000DEBAA /* InfoPlist.strings in Resources */ = {isa = PBXBuildFile; fileRef = 2DAD6A9C13B2F044000DEBAA /* InfoPlist.strings */; };
		2DAD6AA113B2F044000DEBAA /* main.m in Sources */ = {isa = PBXBuildFile; fileRef = 2DAD6AA013B2F044000DEBAA /* main.m */; };
		2DAD6AA413B2F044000DEBAA /* ReceiverAppDelegate.m in Sources */ = {isa = PBXBuildFile; fileRef = 2DAD6AA313B2F044000DEBAA /* ReceiverAppDelegate.m */; };
		2DAD6AA713B2F044000DEBAA /* MainWindow.xib in Resources */ = {isa = PBXBuildFile; fileRef = 2DAD6AA513B2F044000DEBAA /* MainWindow.xib */; };
		2DAD6AAA13B2F044000DEBAA /* ReceiverViewController.m in Sources */ = {isa = PBXBuildFile; fileRef = 2DAD6AA913B2F044000DEBAA /* ReceiverViewController.m */; };
		2DAD6AAD13B2F044000DEBAA /* ReceiverViewController.xib in Resources */ = {isa = PBXBuildFile; fileRef = 2DAD6AAB13B2F044000DEBAA /* ReceiverViewController.xib */; };
/* End PBXBuildFile section */

/* Begin PBXFileReference section */
		2DAD6A8F13B2F043000DEBAA /* Receiver.app */ = {isa = PBXFileReference; explicitFileType = wrapper.application; includeInIndex = 0; path = Receiver.app; sourceTree = BUILT_PRODUCTS_DIR; };
		2DAD6A9313B2F044000DEBAA /* UIKit.framework */ = {isa = PBXFileReference; lastKnownFileType = wrapper.framework; name = UIKit.framework; path = System/Library/Frameworks/UIKit.framework; sourceTree = SDKROOT; };
		2DAD6A9513B2F044000DEBAA /* Foundation.framework */ = {isa = PBXFileReference; lastKnownFileType = wrapper.framework; name = Foundation.framework; path = System/Library/Frameworks/Foundation.framework; sourceTree = SDKROOT; };
		2DAD6A9713B2F044000DEBAA /* CoreGraphics.framework */ = {isa = PBXFileReference; lastKnownFileType = wrapper.framework; name = CoreGraphics.framework; path = System/Library/Frameworks/CoreGraphics.framework; sourceTree = SDKROOT; };
		2DAD6A9B13B2F044000DEBAA /* Receiver-Info.plist */ = {isa = PBXFileReference; lastKnownFileType = text.plist.xml; path = "Receiver-Info.plist"; sourceTree = "<group>"; };
		2DAD6A9D13B2F044000DEBAA /* en */ = {isa = PBXFileReference; lastKnownFileType = text.plist.strings; name = en; path = en.lproj/InfoPlist.strings; sourceTree = "<group>"; };
		2DAD6A9F13B2F044000DEBAA /* Receiver-Prefix.pch */ = {isa = PBXFileReference; lastKnownFileType = sourcecode.c.h; path = "Receiver-Prefix.pch"; sourceTree = "<group>"; };
		2DAD6AA013B2F044000DEBAA /* main.m */ = {isa = PBXFileReference; lastKnownFileType = sourcecode.c.objc; path = main.m; sourceTree = "<group>"; };
		2DAD6AA213B2F044000DEBAA /* ReceiverAppDelegate.h */ = {isa = PBXFileReference; lastKnownFileType = sourcecode.c.h; path = ReceiverAppDelegate.h; sourceTree = "<group>"; };
		2DAD6AA313B2F044000DEBAA /* ReceiverAppDelegate.m */ = {isa = PBXFileReference; lastKnownFileType = sourcecode.c.objc; path = ReceiverAppDelegate.m; sourceTree = "<group>"; };
		2DAD6AA613B2F044000DEBAA /* en */ = {isa = PBXFileReference; lastKnownFileType = file.xib; name = en; path = en.lproj/MainWindow.xib; sourceTree = "<group>"; };
		2DAD6AA813B2F044000DEBAA /* ReceiverViewController.h */ = {isa = PBXFileReference; lastKnownFileType = sourcecode.c.h; path = ReceiverViewController.h; sourceTree = "<group>"; };
		2DAD6AA913B2F044000DEBAA /* ReceiverViewController.m */ = {isa = PBXFileReference; lastKnownFileType = sourcecode.c.objc; path = ReceiverViewController.m; sourceTree = "<group>"; };
		2DAD6AAC13B2F044000DEBAA /* en */ = {isa = PBXFileReference; lastKnownFileType = file.xib; name = en; path = en.lproj/ReceiverViewController.xib; sourceTree = "<group>"; };
/* End PBXFileReference section */

/* Begin PBXFrameworksBuildPhase section */
		2DAD6A8C13B2F043000DEBAA /* Frameworks */ = {
			isa = PBXFrameworksBuildPhase;
			buildActionMask = 2147483647;
			files = (
				2DAD6A9413B2F044000DEBAA /* UIKit.framework in Frameworks */,
				2DAD6A9613B2F044000DEBAA /* Foundation.framework in Frameworks */,
				2DAD6A9813B2F044000DEBAA /* CoreGraphics.framework in Frameworks */,
			);
			runOnlyForDeploymentPostprocessing = 0;
		};
/* End PBXFrameworksBuildPhase section */

/* Begin PBXGroup section */
		2DAD6A8413B2F042000DEBAA = {
			isa = PBXGroup;
			children = (
				2DAD6A9913B2F044000DEBAA /* Receiver */,
				2DAD6A9213B2F044000DEBAA /* Frameworks */,
				2DAD6A9013B2F043000DEBAA /* Products */,
			);
			sourceTree = "<group>";
		};
		2DAD6A9013B2F043000DEBAA /* Products */ = {
			isa = PBXGroup;
			children = (
				2DAD6A8F13B2F043000DEBAA /* Receiver.app */,
			);
			name = Products;
			sourceTree = "<group>";
		};
		2DAD6A9213B2F044000DEBAA /* Frameworks */ = {
			isa = PBXGroup;
			children = (
				2DAD6A9313B2F044000DEBAA /* UIKit.framework */,
				2DAD6A9513B2F044000DEBAA /* Foundation.framework */,
				2DAD6A9713B2F044000DEBAA /* CoreGraphics.framework */,
			);
			name = Frameworks;
			sourceTree = "<group>";
		};
		2DAD6A9913B2F044000DEBAA /* Receiver */ = {
			isa = PBXGroup;
			children = (
				2DAD6AA213B2F044000DEBAA /* ReceiverAppDelegate.h */,
				2DAD6AA313B2F044000DEBAA /* ReceiverAppDelegate.m */,
				2DAD6AA513B2F044000DEBAA /* MainWindow.xib */,
				2DAD6AA813B2F044000DEBAA /* ReceiverViewController.h */,
				2DAD6AA913B2F044000DEBAA /* ReceiverViewController.m */,
				2DAD6AAB13B2F044000DEBAA /* ReceiverViewController.xib */,
				2DAD6A9A13B2F044000DEBAA /* Supporting Files */,
			);
			path = Receiver;
			sourceTree = "<group>";
		};
		2DAD6A9A13B2F044000DEBAA /* Supporting Files */ = {
			isa = PBXGroup;
			children = (
				2DAD6A9B13B2F044000DEBAA /* Receiver-Info.plist */,
				2DAD6A9C13B2F044000DEBAA /* InfoPlist.strings */,
				2DAD6A9F13B2F044000DEBAA /* Receiver-Prefix.pch */,
				2DAD6AA013B2F044000DEBAA /* main.m */,
			);
			name = "Supporting Files";
			sourceTree = "<group>";
		};
/* End PBXGroup section */

/* Begin PBXNativeTarget section */
		2DAD6A8E13B2F043000DEBAA /* Receiver */ = {
			isa = PBXNativeTarget;
			buildConfigurationList = 2DAD6AB013B2F044000DEBAA /* Build configuration list for PBXNativeTarget "Receiver" */;
			buildPhases = (
				2DAD6A8B13B2F043000DEBAA /* Sources */,
				2DAD6A8C13B2F043000DEBAA /* Frameworks */,
				2DAD6A8D13B2F043000DEBAA /* Resources */,
			);
			buildRules = (
			);
			dependencies = (
			);
			name = Receiver;
			productName = Receiver;
			productReference = 2DAD6A8F13B2F043000DEBAA /* Receiver.app */;
			productType = "com.apple.product-type.application";
		};
/* End PBXNativeTarget section */

/* Begin PBXProject section */
		2DAD6A8613B2F043000DEBAA /* Project object */ = {
			isa = PBXProject;
			buildConfigurationList = 2DAD6A8913B2F043000DEBAA /* Build configuration list for PBXProject "Receiver" */;
			compatibilityVersion = "Xcode 3.2";
			developmentRegion = English;
			hasScannedForEncodings = 0;
			knownRegions = (
				en,
			);
			mainGroup = 2DAD6A8413B2F042000DEBAA;
			productRefGroup = 2DAD6A9013B2F043000DEBAA /* Products */;
			projectDirPath = "";
			projectRoot = "";
			targets = (
				2DAD6A8E13B2F043000DEBAA /* Receiver */,
			);
		};
/* End PBXProject section */

/* Begin PBXResourcesBuildPhase section */
		2DAD6A8D13B2F043000DEBAA /* Resources */ = {
			isa = PBXResourcesBuildPhase;
			buildActionMask = 2147483647;
			files = (
				2DAD6A9E13B2F044000DEBAA /* InfoPlist.strings in Resources */,
				2DAD6AA713B2F044000DEBAA /* MainWindow.xib in Resources */,
				2DAD6AAD13B2F044000DEBAA /* ReceiverViewController.xib in Resources */,
			);
			runOnlyForDeploymentPostprocessing = 0;
		};
/* End PBXResourcesBuildPhase section */

/* Begin PBXSourcesBuildPhase section */
		2DAD6A8B13B2F043000DEBAA /* Sources */ = {
			isa = PBXSourcesBuildPhase;
			buildActionMask = 2147483647;
			files = (
				2DAD6AA113B2F044000DEBAA /* main.m in Sources */,
				2DAD6AA413B2F044000DEBAA /* ReceiverAppDelegate.m in Sources */,
				2DAD6AAA13B2F044000DEBAA /* ReceiverViewController.m in Sources */,
			);
			runOnlyForDeploymentPostprocessing = 0;
		};
/* End PBXSourcesBuildPhase section */

/* Begin PBXVariantGroup section */
		2DAD6A9C13B2F044000DEBAA /* InfoPlist.strings */ = {
			isa = PBXVariantGroup;
			children = (
				2DAD6A9D13B2F044000DEBAA /* en */,
			);
			name = InfoPlist.strings;
			sourceTree = "<group>";
		};
		2DAD6AA513B2F044000DEBAA /* MainWindow.xib */ = {
			isa = PBXVariantGroup;
			children = (
				2DAD6AA613B2F044000DEBAA /* en */,
			);
			name = MainWindow.xib;
			sourceTree = "<group>";
		};
		2DAD6AAB13B2F044000DEBAA /* ReceiverViewController.xib */ = {
			isa = PBXVariantGroup;
			children = (
				2DAD6AAC13B2F044000DEBAA /* en */,
			);
			name = ReceiverViewController.xib;
			sourceTree = "<group>";
		};
/* End PBXVariantGroup section */

/* Begin XCBuildConfiguration section */
		2DAD6AAE13B2F044000DEBAA /* Debug */ = {
			isa = XCBuildConfiguration;
			buildSettings = {
				ARCHS = "$(ARCHS_STANDARD_32_BIT)";
				"CODE_SIGN_IDENTITY[sdk=iphoneos*]" = "iPhone Developer";
				GCC_C_LANGUAGE_STANDARD = gnu99;
				GCC_OPTIMIZATION_LEVEL = 0;
				GCC_PREPROCESSOR_DEFINITIONS = DEBUG;
				GCC_SYMBOLS_PRIVATE_EXTERN = NO;
				GCC_VERSION = com.apple.compilers.llvmgcc42;
				GCC_WARN_ABOUT_RETURN_TYPE = YES;
				GCC_WARN_UNUSED_VARIABLE = YES;
				IPHONEOS_DEPLOYMENT_TARGET = 4.3;
				SDKROOT = iphoneos;
			};
			name = Debug;
		};
		2DAD6AAF13B2F044000DEBAA /* Release */ = {
			isa = XCBuildConfiguration;
			buildSettings = {
				ARCHS = "$(ARCHS_STANDARD_32_BIT)";
				"CODE_SIGN_IDENTITY[sdk=iphoneos*]" = "iPhone Developer";
				GCC_C_LANGUAGE_STANDARD = gnu99;
				GCC_VERSION = com.apple.compilers.llvmgcc42;
				GCC_WARN_ABOUT_RETURN_TYPE = YES;
				GCC_WARN_UNUSED_VARIABLE = YES;
				IPHONEOS_DEPLOYMENT_TARGET = 4.3;
				OTHER_CFLAGS = "-DNS_BLOCK_ASSERTIONS=1";
				SDKROOT = iphoneos;
			};
			name = Release;
		};
		2DAD6AB113B2F044000DEBAA /* Debug */ = {
			isa = XCBuildConfiguration;
			buildSettings = {
				ALWAYS_SEARCH_USER_PATHS = NO;
				COPY_PHASE_STRIP = NO;
				GCC_DYNAMIC_NO_PIC = NO;
				GCC_PRECOMPILE_PREFIX_HEADER = YES;
				GCC_PREFIX_HEADER = "Receiver/Receiver-Prefix.pch";
				INFOPLIST_FILE = "Receiver/Receiver-Info.plist";
				PRODUCT_NAME = "$(TARGET_NAME)";
				WRAPPER_EXTENSION = app;
			};
			name = Debug;
		};
		2DAD6AB213B2F044000DEBAA /* Release */ = {
			isa = XCBuildConfiguration;
			buildSettings = {
				ALWAYS_SEARCH_USER_PATHS = NO;
				COPY_PHASE_STRIP = YES;
				GCC_PRECOMPILE_PREFIX_HEADER = YES;
				GCC_PREFIX_HEADER = "Receiver/Receiver-Prefix.pch";
				INFOPLIST_FILE = "Receiver/Receiver-Info.plist";
				PRODUCT_NAME = "$(TARGET_NAME)";
				VALIDATE_PRODUCT = YES;
				WRAPPER_EXTENSION = app;
			};
			name = Release;
		};
/* End XCBuildConfiguration section */

/* Begin XCConfigurationList section */
		2DAD6A8913B2F043000DEBAA /* Build configuration list for PBXProject "Receiver" */ = {
			isa = XCConfigurationList;
			buildConfigurations = (
				2DAD6AAE13B2F044000DEBAA /* Debug */,
				2DAD6AAF13B2F044000DEBAA /* Release */,
			);
			defaultConfigurationIsVisible = 0;
			defaultConfigurationName = Release;
		};
		2DAD6AB013B2F044000DEBAA /* Build configuration list for PBXNativeTarget "Receiver" */ = {
			isa = XCConfigurationList;
			buildConfigurations = (
				2DAD6AB113B2F044000DEBAA /* Debug */,
				2DAD6AB213B2F044000DEBAA /* Release */,
			);
			defaultConfigurationIsVisible = 0;
		};
/* End XCConfigurationList section */
	};
	rootObject = 2DAD6A8613B2F043000DEBAA /* Project object */;
}
